# This file was autogenerated by Stack.
# You should not edit this file by hand.
# For more information, please see the documentation at:
#   https://docs.haskellstack.org/en/stable/lock_files

packages:
- completed:
    hackage: safe-money-0.7@sha256:8f31ac1ef9d76975af42771b2fc6b4433fddd3f751ec7737ae323ef4c8e5ac67,2475
    pantry-tree:
      size: 428
      sha256: d52e4efaa0faa10d73fc70918b3ca8e770e53aefeb4e12ebe6b1d7ff576d90fc
  original:
    hackage: safe-money-0.7
- completed:
    hackage: safe-money-aeson-0.1@sha256:7917f5621bbe0815b6495c1202cfd415a12ee3327303fb4a976978193cc9027b,1403
    pantry-tree:
      size: 374
      sha256: b0038a8913fe7783a198c43ca8f0747a6f9cae1136915c4e4ef7d056242273a5
  original:
    hackage: safe-money-aeson-0.1
- completed:
    hackage: jose-0.8.0.0@sha256:78fb7c079478b528f949436b5bed0482cfc014ac2dc41c24be1c7875f7660ccc,3307
    pantry-tree:
      size: 1935
      sha256: 4c2cda8e652ecdb225ccbe4745e73a1f93d26b3c0d6fe7512676866ee1180bfc
  original:
    hackage: jose-0.8.0.0
- completed:
    hackage: yesod-colonnade-1.3.0.1@sha256:441e55d425755fb1b8fd9c8808ae0481cdaf748d8c31bdd657a1caa5bb637f7c,916
    pantry-tree:
      size: 221
      sha256: 99505b4804cec6450fea74a8472e1657faeadd75a7532dab273b4cf2638303e0
  original:
    hackage: yesod-colonnade-1.3.0.1
- completed:
    hackage: colonnade-1.2.0.1@sha256:c02fd4b92df08f650b580eeb601a11b26c69fbf5b08b5e1d847f8153787d7163,2056
    pantry-tree:
      size: 327
      sha256: bfa5fca22fb1be7d3f82ec61dd72c382d86f1cb7bf6bc4cfb6a0468c702e6c3a
  original:
    hackage: colonnade-1.2.0.1
- completed:
    hackage: yesod-elements-1.1@sha256:0f48258cb3c177388e0c292961c7335dd841ae1f3a5057820c10d81eb0859d24,608
    pantry-tree:
      size: 220
      sha256: 8af232f38c6c953f89ae6d0c3c52ce55617c1132915403dbed54abd53c4c71a1
  original:
    hackage: yesod-elements-1.1
- completed:
    hackage: range-0.2.1.1@sha256:58c1f98efbe7b2cda0f8fd6bc604703024e929a75dc5a5dd75d17f5f811b433a,3698
    pantry-tree:
      size: 1029
      sha256: 9653a5fbf08eda2e1cf281ddf61bd4f506bb3f24a3f73f0a83ba528876754af3
  original:
    hackage: range-0.2.1.1
- completed:
    hackage: esqueleto-3.0.0@sha256:efd84fd11ceaf0ae4e1b0c6236122b1f213c2c6f2f4f58e30f03eddc2ec3f423,5248
    pantry-tree:
      size: 1127
      sha256: 74e43834d5cc468acc3cb6e8a81567ebfbb5350a3e07ae01dd7f30d6255274a1
  original:
    hackage: esqueleto-3.0.0
snapshots:
- completed:
    size: 527836
    url: https://raw.githubusercontent.com/commercialhaskell/stackage-snapshots/master/lts/11/22.yaml
    sha256: 341870ac98d8a9f8f77c4adf2e9e0b22063e264a7fbeb4c85b7af5f380dac60e
  original: lts-11.22
